
Microsoft Visual Studio Solution File, Format Version 12.00
# Visual Studio Version 16
VisualStudioVersion = 16.0.30611.23
MinimumVisualStudioVersion = 10.0.40219.1
Project("{2150E333-8FDC-42A3-9474-1A3956D46DE8}") = "src", "src", "{584BFE68-F4D2-4B5E-A0B7-17CF17969462}"
EndProject
Project("{FAE04EC0-301F-11D3-BF4B-00C04F79EFBC}") = "Smiosoft.Web", "src\Smiosoft.Web\Smiosoft.Web.csproj", "{91FB77CA-CE3E-463B-A835-64ADD5745B17}"
EndProject
Global
	GlobalSection(SolutionConfigurationPlatforms) = preSolution
		Debug|Any CPU = Debug|Any CPU
		Release|Any CPU = Release|Any CPU
	EndGlobalSection
	GlobalSection(ProjectConfigurationPlatforms) = postSolution
		{91FB77CA-CE3E-463B-A835-64ADD5745B17}.Debug|Any CPU.ActiveCfg = Debug|Any CPU
		{91FB77CA-CE3E-463B-A835-64ADD5745B17}.Debug|Any CPU.Build.0 = Debug|Any CPU
		{91FB77CA-CE3E-463B-A835-64ADD5745B17}.Release|Any CPU.ActiveCfg = Release|Any CPU
		{91FB77CA-CE3E-463B-A835-64ADD5745B17}.Release|Any CPU.Build.0 = Release|Any CPU
	EndGlobalSection
	GlobalSection(SolutionProperties) = preSolution
		HideSolutionNode = FALSE
	EndGlobalSection
	GlobalSection(NestedProjects) = preSolution
		{91FB77CA-CE3E-463B-A835-64ADD5745B17} = {584BFE68-F4D2-4B5E-A0B7-17CF17969462}
	EndGlobalSection
	GlobalSection(ExtensibilityGlobals) = postSolution
		SolutionGuid = {B9506912-C32D-478C-B0C5-A54D25B0943D}
	EndGlobalSection
EndGlobal
