
Microsoft Visual Studio Solution File, Format Version 12.00
# Visual Studio Version 16
VisualStudioVersion = 16.0.28803.156
MinimumVisualStudioVersion = 10.0.40219.1
Project("{2150E333-8FDC-42A3-9474-1A3956D46DE8}") = "src", "src", "{5F76EE00-03B9-44C6-B2F2-63E937C08155}"
EndProject
Project("{FAE04EC0-301F-11D3-BF4B-00C04F79EFBC}") = "Smiosoft.Web", "src\Smiosoft.Web\Smiosoft.Web.csproj", "{B6E8E3A3-D472-4F24-8347-425018FAAFFE}"
EndProject
Global
	GlobalSection(SolutionConfigurationPlatforms) = preSolution
		Debug|Any CPU = Debug|Any CPU
		Release|Any CPU = Release|Any CPU
	EndGlobalSection
	GlobalSection(ProjectConfigurationPlatforms) = postSolution
		{B6E8E3A3-D472-4F24-8347-425018FAAFFE}.Debug|Any CPU.ActiveCfg = Debug|Any CPU
		{B6E8E3A3-D472-4F24-8347-425018FAAFFE}.Debug|Any CPU.Build.0 = Debug|Any CPU
		{B6E8E3A3-D472-4F24-8347-425018FAAFFE}.Release|Any CPU.ActiveCfg = Release|Any CPU
		{B6E8E3A3-D472-4F24-8347-425018FAAFFE}.Release|Any CPU.Build.0 = Release|Any CPU
	EndGlobalSection
	GlobalSection(SolutionProperties) = preSolution
		HideSolutionNode = FALSE
	EndGlobalSection
	GlobalSection(NestedProjects) = preSolution
		{B6E8E3A3-D472-4F24-8347-425018FAAFFE} = {5F76EE00-03B9-44C6-B2F2-63E937C08155}
	EndGlobalSection
	GlobalSection(ExtensibilityGlobals) = postSolution
		SolutionGuid = {402C759E-92D8-4D8D-B874-78AEA35EC5E3}
	EndGlobalSection
EndGlobal
